# This file is automatically @generated by Cargo.
# It is not intended for manual editing.
version = 3

[[package]]
name = "httlib-huffman"
version = "0.3.4"
source = "registry+https://github.com/rust-lang/crates.io-index"
checksum = "1a9fcbcc408c5526c3ab80d534e5c86e7967c1fb7aa0a8c76abd1edc27deb877"

[[package]]
name = "kparser"
version = "0.1.0"
dependencies = [
 "httlib-huffman",
]
